
Microsoft Visual Studio Solution File, Format Version 12.00
# Visual Studio Version 17
VisualStudioVersion = 17.0.31903.59
MinimumVisualStudioVersion = 10.0.40219.1
Project("{FAE04EC0-301F-11D3-BF4B-00C04F79EFBC}") = "ECommerceWebsite", "ECommerceWebsite\ECommerceWebsite.csproj", "{63925C67-0664-48B1-99EE-28ABA5ACDB6F}"
EndProject
Project("{FAE04EC0-301F-11D3-BF4B-00C04F79EFBC}") = "ECommerce.DataAccess", "ECommerce.DataAccess\ECommerce.DataAccess.csproj", "{CDC99AA6-375E-4B06-8CC3-572E75AAFA7A}"
EndProject
Project("{FAE04EC0-301F-11D3-BF4B-00C04F79EFBC}") = "ECommerce.Models", "ECommerce.Models\ECommerce.Models.csproj", "{F7729860-6350-4BFB-974E-6FE89A2CA377}"
EndProject
Project("{FAE04EC0-301F-11D3-BF4B-00C04F79EFBC}") = "ECommerce.Utility", "ECommerce.Utility\ECommerce.Utility.csproj", "{9B5F717F-D13C-40EF-9D38-CA1131421BB0}"
EndProject
Global
	GlobalSection(SolutionConfigurationPlatforms) = preSolution
		Debug|Any CPU = Debug|Any CPU
		Release|Any CPU = Release|Any CPU
	EndGlobalSection
	GlobalSection(SolutionProperties) = preSolution
		HideSolutionNode = FALSE
	EndGlobalSection
	GlobalSection(ProjectConfigurationPlatforms) = postSolution
		{63925C67-0664-48B1-99EE-28ABA5ACDB6F}.Debug|Any CPU.ActiveCfg = Debug|Any CPU
		{63925C67-0664-48B1-99EE-28ABA5ACDB6F}.Debug|Any CPU.Build.0 = Debug|Any CPU
		{63925C67-0664-48B1-99EE-28ABA5ACDB6F}.Release|Any CPU.ActiveCfg = Release|Any CPU
		{63925C67-0664-48B1-99EE-28ABA5ACDB6F}.Release|Any CPU.Build.0 = Release|Any CPU
		{CDC99AA6-375E-4B06-8CC3-572E75AAFA7A}.Debug|Any CPU.ActiveCfg = Debug|Any CPU
		{CDC99AA6-375E-4B06-8CC3-572E75AAFA7A}.Debug|Any CPU.Build.0 = Debug|Any CPU
		{CDC99AA6-375E-4B06-8CC3-572E75AAFA7A}.Release|Any CPU.ActiveCfg = Release|Any CPU
		{CDC99AA6-375E-4B06-8CC3-572E75AAFA7A}.Release|Any CPU.Build.0 = Release|Any CPU
		{F7729860-6350-4BFB-974E-6FE89A2CA377}.Debug|Any CPU.ActiveCfg = Debug|Any CPU
		{F7729860-6350-4BFB-974E-6FE89A2CA377}.Debug|Any CPU.Build.0 = Debug|Any CPU
		{F7729860-6350-4BFB-974E-6FE89A2CA377}.Release|Any CPU.ActiveCfg = Release|Any CPU
		{F7729860-6350-4BFB-974E-6FE89A2CA377}.Release|Any CPU.Build.0 = Release|Any CPU
		{9B5F717F-D13C-40EF-9D38-CA1131421BB0}.Debug|Any CPU.ActiveCfg = Debug|Any CPU
		{9B5F717F-D13C-40EF-9D38-CA1131421BB0}.Debug|Any CPU.Build.0 = Debug|Any CPU
		{9B5F717F-D13C-40EF-9D38-CA1131421BB0}.Release|Any CPU.ActiveCfg = Release|Any CPU
		{9B5F717F-D13C-40EF-9D38-CA1131421BB0}.Release|Any CPU.Build.0 = Release|Any CPU
	EndGlobalSection
EndGlobal
